
Microsoft Visual Studio Solution File, Format Version 12.00
# Visual Studio 15
VisualStudioVersion = 15.0.28010.2048
MinimumVisualStudioVersion = 10.0.40219.1
Project("{9A19103F-16F7-4668-BE54-9A1E7A4F7556}") = "MvcMovie", "MvcMovie.csproj", "{2BF58085-DB60-4BC5-9B2F-2271E80531CF}"
EndProject
Global
	GlobalSection(SolutionConfigurationPlatforms) = preSolution
		Debug|Any CPU = Debug|Any CPU
		Release|Any CPU = Release|Any CPU
	EndGlobalSection
	GlobalSection(ProjectConfigurationPlatforms) = postSolution
		{2BF58085-DB60-4BC5-9B2F-2271E80531CF}.Debug|Any CPU.ActiveCfg = Debug|Any CPU
		{2BF58085-DB60-4BC5-9B2F-2271E80531CF}.Debug|Any CPU.Build.0 = Debug|Any CPU
		{2BF58085-DB60-4BC5-9B2F-2271E80531CF}.Release|Any CPU.ActiveCfg = Release|Any CPU
		{2BF58085-DB60-4BC5-9B2F-2271E80531CF}.Release|Any CPU.Build.0 = Release|Any CPU
	EndGlobalSection
	GlobalSection(SolutionProperties) = preSolution
		HideSolutionNode = FALSE
	EndGlobalSection
	GlobalSection(ExtensibilityGlobals) = postSolution
		SolutionGuid = {B0625C60-0662-4E5C-BA52-541B73AF8808}
	EndGlobalSection
EndGlobal
